// !$*UTF8*$!
{
	archiveVersion = 1;
	classes = {
	};
	objectVersion = 45;
	objects = {

/* Begin PBXBuildFile section */
		2700D57C0F5EC49900BEE0C3 /* CKPost.h in Headers */ = {isa = PBXBuildFile; fileRef = 2700D57A0F5EC49900BEE0C3 /* CKPost.h */; settings = {ATTRIBUTES = (Public, ); }; };
		2700D57D0F5EC49900BEE0C3 /* CKPost.m in Sources */ = {isa = PBXBuildFile; fileRef = 2700D57B0F5EC49900BEE0C3 /* CKPost.m */; };
		2704222F12FB716B004B4CB4 /* NSData+Base64.m in Sources */ = {isa = PBXBuildFile; fileRef = 2704222D12FB716B004B4CB4 /* NSData+Base64.m */; };
		2704223012FB716B004B4CB4 /* NSData+Base64.h in Headers */ = {isa = PBXBuildFile; fileRef = 2704222E12FB716B004B4CB4 /* NSData+Base64.h */; };
		2706615D156995E800C946EB /* CKPost_priv.h in Headers */ = {isa = PBXBuildFile; fileRef = 2706615C156995E800C946EB /* CKPost_priv.h */; };
		270AE90D125982AF0036E91B /* CKRecipe.h in Headers */ = {isa = PBXBuildFile; fileRef = 270AE90B125982AF0036E91B /* CKRecipe.h */; settings = {ATTRIBUTES = (Public, ); }; };
		270AE90E125982AF0036E91B /* CKRecipe.m in Sources */ = {isa = PBXBuildFile; fileRef = 270AE90C125982AF0036E91B /* CKRecipe.m */; };
		27240C0F128E7233008DEDCE /* RegexKitLite.m in Sources */ = {isa = PBXBuildFile; fileRef = 27240C0D128E7233008DEDCE /* RegexKitLite.m */; };
		27240C10128E7233008DEDCE /* RegexKitLite.h in Headers */ = {isa = PBXBuildFile; fileRef = 27240C0E128E7233008DEDCE /* RegexKitLite.h */; settings = {ATTRIBUTES = (); }; };
		273881E211E374E000953201 /* CKUser.h in Headers */ = {isa = PBXBuildFile; fileRef = 273881E011E374E000953201 /* CKUser.h */; settings = {ATTRIBUTES = (Public, ); }; };
		273881E311E374E000953201 /* CKUser.m in Sources */ = {isa = PBXBuildFile; fileRef = 273881E111E374E000953201 /* CKUser.m */; };
		275ABC45128D60B600FA2066 /* Common.h in Headers */ = {isa = PBXBuildFile; fileRef = 275ABC44128D60B600FA2066 /* Common.h */; settings = {ATTRIBUTES = (Public, ); }; };
		2772F64512870F0000C99973 /* CKPoster.h in Headers */ = {isa = PBXBuildFile; fileRef = 2772F64312870F0000C99973 /* CKPoster.h */; settings = {ATTRIBUTES = (Public, ); }; };
		2772F64612870F0000C99973 /* CKPoster.m in Sources */ = {isa = PBXBuildFile; fileRef = 2772F64412870F0000C99973 /* CKPoster.m */; };
		277C6DD30F631495003B2E73 /* CKThread.h in Headers */ = {isa = PBXBuildFile; fileRef = 277C6DD10F631495003B2E73 /* CKThread.h */; settings = {ATTRIBUTES = (Public, ); }; };
		277C6DD40F631495003B2E73 /* CKThread.m in Sources */ = {isa = PBXBuildFile; fileRef = 277C6DD20F631495003B2E73 /* CKThread.m */; };
		277C6E430F631DD8003B2E73 /* CKPage.h in Headers */ = {isa = PBXBuildFile; fileRef = 277C6E410F631DD8003B2E73 /* CKPage.h */; settings = {ATTRIBUTES = (Public, ); }; };
		277C6E440F631DD8003B2E73 /* CKPage.m in Sources */ = {isa = PBXBuildFile; fileRef = 277C6E420F631DD8003B2E73 /* CKPage.m */; };
		277C705D0F6378FC003B2E73 /* CKBoard.h in Headers */ = {isa = PBXBuildFile; fileRef = 277C705B0F6378FC003B2E73 /* CKBoard.h */; settings = {ATTRIBUTES = (Public, ); }; };
		277C705E0F6378FC003B2E73 /* CKBoard.m in Sources */ = {isa = PBXBuildFile; fileRef = 277C705C0F6378FC003B2E73 /* CKBoard.m */; };
		277C70D60F6382C7003B2E73 /* CKChan.h in Headers */ = {isa = PBXBuildFile; fileRef = 277C70D40F6382C7003B2E73 /* CKChan.h */; settings = {ATTRIBUTES = (Public, ); }; };
		277C70D70F6382C7003B2E73 /* CKChan.m in Sources */ = {isa = PBXBuildFile; fileRef = 277C70D50F6382C7003B2E73 /* CKChan.m */; };
		277C73DD0F645FA0003B2E73 /* ChanKit.h in Headers */ = {isa = PBXBuildFile; fileRef = 277C73DC0F645FA0003B2E73 /* ChanKit.h */; settings = {ATTRIBUTES = (Public, ); }; };
		278F387311E2BBFF00EDD5FE /* ChanKit.png in Resources */ = {isa = PBXBuildFile; fileRef = 278F387211E2BBFF00EDD5FE /* ChanKit.png */; };
		278F38A411E2F3A500EDD5FE /* ChanKit_thumb.png in Resources */ = {isa = PBXBuildFile; fileRef = 278F38A311E2F3A500EDD5FE /* ChanKit_thumb.png */; };
		2798115512DE62D3003632F7 /* ASIDataCompressor.m in Sources */ = {isa = PBXBuildFile; fileRef = 2798113012DE629E003632F7 /* ASIDataCompressor.m */; };
		2798115612DE62D3003632F7 /* ASIDataDecompressor.m in Sources */ = {isa = PBXBuildFile; fileRef = 2798113212DE629E003632F7 /* ASIDataDecompressor.m */; };
		2798115712DE62D3003632F7 /* ASIDownloadCache.m in Sources */ = {isa = PBXBuildFile; fileRef = 2798113412DE629E003632F7 /* ASIDownloadCache.m */; };
		2798115812DE62D3003632F7 /* ASIFormDataRequest.m in Sources */ = {isa = PBXBuildFile; fileRef = 2798113612DE629E003632F7 /* ASIFormDataRequest.m */; };
		2798115912DE62D3003632F7 /* ASIHTTPRequest.m in Sources */ = {isa = PBXBuildFile; fileRef = 2798113812DE629E003632F7 /* ASIHTTPRequest.m */; };
		2798115A12DE62D3003632F7 /* ASIInputStream.m in Sources */ = {isa = PBXBuildFile; fileRef = 2798113C12DE629E003632F7 /* ASIInputStream.m */; };
		2798115B12DE62D3003632F7 /* ASINetworkQueue.m in Sources */ = {isa = PBXBuildFile; fileRef = 2798113E12DE629E003632F7 /* ASINetworkQueue.m */; };
		2798116012DE6306003632F7 /* libz.dylib in Frameworks */ = {isa = PBXBuildFile; fileRef = 2798115F12DE6306003632F7 /* libz.dylib */; };
		2798116412DE6325003632F7 /* SystemConfiguration.framework in Frameworks */ = {isa = PBXBuildFile; fileRef = 2798116312DE6325003632F7 /* SystemConfiguration.framework */; };
		27C00CAF12482F1400AE717E /* libicucore.dylib in Frameworks */ = {isa = PBXBuildFile; fileRef = 27C00CAE12482F1400AE717E /* libicucore.dylib */; };
		27C33F2C12E2859600229C1F /* ASIHTTPRequest.h in Headers */ = {isa = PBXBuildFile; fileRef = 2798113712DE629E003632F7 /* ASIHTTPRequest.h */; };
		27EF3EB90F5ED5DF00603D3A /* CKUtil.h in Headers */ = {isa = PBXBuildFile; fileRef = 27EF3EB70F5ED5DF00603D3A /* CKUtil.h */; settings = {ATTRIBUTES = (Public, ); }; };
		27EF3EBA0F5ED5DF00603D3A /* CKUtil.m in Sources */ = {isa = PBXBuildFile; fileRef = 27EF3EB80F5ED5DF00603D3A /* CKUtil.m */; };
		27F29CC3126A37980064DD6B /* Recipes in Resources */ = {isa = PBXBuildFile; fileRef = 27F29CC2126A37980064DD6B /* Recipes */; };
		27F3607B1288F0090091D109 /* CKImage.h in Headers */ = {isa = PBXBuildFile; fileRef = 27F360791288F0090091D109 /* CKImage.h */; settings = {ATTRIBUTES = (Public, ); }; };
		27F3607C1288F0090091D109 /* CKImage.m in Sources */ = {isa = PBXBuildFile; fileRef = 27F3607A1288F0090091D109 /* CKImage.m */; };
		27F799831252F43F00DC7ABE /* ChanKit.framework in Frameworks */ = {isa = PBXBuildFile; fileRef = 270DCE2C102C463400912225 /* ChanKit.framework */; };
		27F799A11252F54E00DC7ABE /* ChanParse.m in Sources */ = {isa = PBXBuildFile; fileRef = 27F799A01252F54E00DC7ABE /* ChanParse.m */; };
		27F799AC1252F64600DC7ABE /* Cocoa.framework in Frameworks */ = {isa = PBXBuildFile; fileRef = 1058C7B1FEA5585E11CA2CBB /* Cocoa.framework */; };
		8DC2EF530486A6940098B216 /* InfoPlist.strings in Resources */ = {isa = PBXBuildFile; fileRef = 089C1666FE841158C02AAC07 /* InfoPlist.strings */; };
		8DC2EF570486A6940098B216 /* Cocoa.framework in Frameworks */ = {isa = PBXBuildFile; fileRef = 1058C7B1FEA5585E11CA2CBB /* Cocoa.framework */; };
/* End PBXBuildFile section */

/* Begin PBXContainerItemProxy section */
		27F799811252F43C00DC7ABE /* PBXContainerItemProxy */ = {
			isa = PBXContainerItemProxy;
			containerPortal = 0867D690FE84028FC02AAC07 /* Project object */;
			proxyType = 1;
			remoteGlobalIDString = 8DC2EF4F0486A6940098B216;
			remoteInfo = ChanKit;
		};
/* End PBXContainerItemProxy section */

/* Begin PBXFileReference section */
		0867D69BFE84028FC02AAC07 /* Foundation.framework */ = {isa = PBXFileReference; lastKnownFileType = wrapper.framework; name = Foundation.framework; path = /System/Library/Frameworks/Foundation.framework; sourceTree = "<absolute>"; };
		0867D6A5FE840307C02AAC07 /* AppKit.framework */ = {isa = PBXFileReference; lastKnownFileType = wrapper.framework; name = AppKit.framework; path = /System/Library/Frameworks/AppKit.framework; sourceTree = "<absolute>"; };
		089C1667FE841158C02AAC07 /* English */ = {isa = PBXFileReference; fileEncoding = 10; lastKnownFileType = text.plist.strings; name = English; path = English.lproj/InfoPlist.strings; sourceTree = "<group>"; };
		1058C7B1FEA5585E11CA2CBB /* Cocoa.framework */ = {isa = PBXFileReference; lastKnownFileType = wrapper.framework; name = Cocoa.framework; path = /System/Library/Frameworks/Cocoa.framework; sourceTree = "<absolute>"; };
		2700D57A0F5EC49900BEE0C3 /* CKPost.h */ = {isa = PBXFileReference; fileEncoding = 4; lastKnownFileType = sourcecode.c.h; path = CKPost.h; sourceTree = "<group>"; };
		2700D57B0F5EC49900BEE0C3 /* CKPost.m */ = {isa = PBXFileReference; fileEncoding = 4; lastKnownFileType = sourcecode.c.objc; path = CKPost.m; sourceTree = "<group>"; };
		2704222D12FB716B004B4CB4 /* NSData+Base64.m */ = {isa = PBXFileReference; fileEncoding = 4; lastKnownFileType = sourcecode.c.objc; name = "NSData+Base64.m"; path = "NSData+Base64/NSData+Base64.m"; sourceTree = "<group>"; };
		2704222E12FB716B004B4CB4 /* NSData+Base64.h */ = {isa = PBXFileReference; fileEncoding = 4; lastKnownFileType = sourcecode.c.h; name = "NSData+Base64.h"; path = "NSData+Base64/NSData+Base64.h"; sourceTree = "<group>"; };
		2706615C156995E800C946EB /* CKPost_priv.h */ = {isa = PBXFileReference; fileEncoding = 4; lastKnownFileType = sourcecode.c.h; path = CKPost_priv.h; sourceTree = "<group>"; };
		270AE90B125982AF0036E91B /* CKRecipe.h */ = {isa = PBXFileReference; fileEncoding = 4; lastKnownFileType = sourcecode.c.h; path = CKRecipe.h; sourceTree = "<group>"; };
		270AE90C125982AF0036E91B /* CKRecipe.m */ = {isa = PBXFileReference; fileEncoding = 4; lastKnownFileType = sourcecode.c.objc; path = CKRecipe.m; sourceTree = "<group>"; };
		270DCE2C102C463400912225 /* ChanKit.framework */ = {isa = PBXFileReference; explicitFileType = wrapper.framework; includeInIndex = 0; path = ChanKit.framework; sourceTree = BUILT_PRODUCTS_DIR; };
		27240C0D128E7233008DEDCE /* RegexKitLite.m */ = {isa = PBXFileReference; fileEncoding = 4; lastKnownFileType = sourcecode.c.objc; name = RegexKitLite.m; path = RegexKitLite/RegexKitLite.m; sourceTree = "<group>"; };
		27240C0E128E7233008DEDCE /* RegexKitLite.h */ = {isa = PBXFileReference; fileEncoding = 4; lastKnownFileType = sourcecode.c.h; name = RegexKitLite.h; path = RegexKitLite/RegexKitLite.h; sourceTree = "<group>"; };
		273881E011E374E000953201 /* CKUser.h */ = {isa = PBXFileReference; fileEncoding = 4; lastKnownFileType = sourcecode.c.h; path = CKUser.h; sourceTree = "<group>"; };
		273881E111E374E000953201 /* CKUser.m */ = {isa = PBXFileReference; fileEncoding = 4; lastKnownFileType = sourcecode.c.objc; path = CKUser.m; sourceTree = "<group>"; };
		275ABC44128D60B600FA2066 /* Common.h */ = {isa = PBXFileReference; fileEncoding = 4; lastKnownFileType = sourcecode.c.h; path = Common.h; sourceTree = "<group>"; };
		2772F64312870F0000C99973 /* CKPoster.h */ = {isa = PBXFileReference; fileEncoding = 4; lastKnownFileType = sourcecode.c.h; path = CKPoster.h; sourceTree = "<group>"; };
		2772F64412870F0000C99973 /* CKPoster.m */ = {isa = PBXFileReference; fileEncoding = 4; lastKnownFileType = sourcecode.c.objc; path = CKPoster.m; sourceTree = "<group>"; };
		277C6DD10F631495003B2E73 /* CKThread.h */ = {isa = PBXFileReference; fileEncoding = 4; lastKnownFileType = sourcecode.c.h; path = CKThread.h; sourceTree = "<group>"; };
		277C6DD20F631495003B2E73 /* CKThread.m */ = {isa = PBXFileReference; fileEncoding = 4; lastKnownFileType = sourcecode.c.objc; path = CKThread.m; sourceTree = "<group>"; };
		277C6E410F631DD8003B2E73 /* CKPage.h */ = {isa = PBXFileReference; fileEncoding = 4; lastKnownFileType = sourcecode.c.h; path = CKPage.h; sourceTree = "<group>"; };
		277C6E420F631DD8003B2E73 /* CKPage.m */ = {isa = PBXFileReference; fileEncoding = 4; lastKnownFileType = sourcecode.c.objc; path = CKPage.m; sourceTree = "<group>"; };
		277C705B0F6378FC003B2E73 /* CKBoard.h */ = {isa = PBXFileReference; fileEncoding = 4; lastKnownFileType = sourcecode.c.h; path = CKBoard.h; sourceTree = "<group>"; };
		277C705C0F6378FC003B2E73 /* CKBoard.m */ = {isa = PBXFileReference; fileEncoding = 4; lastKnownFileType = sourcecode.c.objc; path = CKBoard.m; sourceTree = "<group>"; };
		277C70D40F6382C7003B2E73 /* CKChan.h */ = {isa = PBXFileReference; fileEncoding = 4; lastKnownFileType = sourcecode.c.h; path = CKChan.h; sourceTree = "<group>"; };
		277C70D50F6382C7003B2E73 /* CKChan.m */ = {isa = PBXFileReference; fileEncoding = 4; lastKnownFileType = sourcecode.c.objc; path = CKChan.m; sourceTree = "<group>"; };
		277C73DC0F645FA0003B2E73 /* ChanKit.h */ = {isa = PBXFileReference; fileEncoding = 4; lastKnownFileType = sourcecode.c.h; path = ChanKit.h; sourceTree = "<group>"; };
		278F387211E2BBFF00EDD5FE /* ChanKit.png */ = {isa = PBXFileReference; lastKnownFileType = image.png; path = ChanKit.png; sourceTree = "<group>"; };
		278F38A311E2F3A500EDD5FE /* ChanKit_thumb.png */ = {isa = PBXFileReference; lastKnownFileType = image.png; path = ChanKit_thumb.png; sourceTree = "<group>"; };
		2798112E12DE629E003632F7 /* ASICacheDelegate.h */ = {isa = PBXFileReference; fileEncoding = 4; lastKnownFileType = sourcecode.c.h; name = ASICacheDelegate.h; path = ASIHTTPRequest/ASICacheDelegate.h; sourceTree = "<group>"; };
		2798112F12DE629E003632F7 /* ASIDataCompressor.h */ = {isa = PBXFileReference; fileEncoding = 4; lastKnownFileType = sourcecode.c.h; name = ASIDataCompressor.h; path = ASIHTTPRequest/ASIDataCompressor.h; sourceTree = "<group>"; };
		2798113012DE629E003632F7 /* ASIDataCompressor.m */ = {isa = PBXFileReference; fileEncoding = 4; lastKnownFileType = sourcecode.c.objc; name = ASIDataCompressor.m; path = ASIHTTPRequest/ASIDataCompressor.m; sourceTree = "<group>"; };
		2798113112DE629E003632F7 /* ASIDataDecompressor.h */ = {isa = PBXFileReference; fileEncoding = 4; lastKnownFileType = sourcecode.c.h; name = ASIDataDecompressor.h; path = ASIHTTPRequest/ASIDataDecompressor.h; sourceTree = "<group>"; };
		2798113212DE629E003632F7 /* ASIDataDecompressor.m */ = {isa = PBXFileReference; fileEncoding = 4; lastKnownFileType = sourcecode.c.objc; name = ASIDataDecompressor.m; path = ASIHTTPRequest/ASIDataDecompressor.m; sourceTree = "<group>"; };
		2798113312DE629E003632F7 /* ASIDownloadCache.h */ = {isa = PBXFileReference; fileEncoding = 4; lastKnownFileType = sourcecode.c.h; name = ASIDownloadCache.h; path = ASIHTTPRequest/ASIDownloadCache.h; sourceTree = "<group>"; };
		2798113412DE629E003632F7 /* ASIDownloadCache.m */ = {isa = PBXFileReference; fileEncoding = 4; lastKnownFileType = sourcecode.c.objc; name = ASIDownloadCache.m; path = ASIHTTPRequest/ASIDownloadCache.m; sourceTree = "<group>"; };
		2798113512DE629E003632F7 /* ASIFormDataRequest.h */ = {isa = PBXFileReference; fileEncoding = 4; lastKnownFileType = sourcecode.c.h; name = ASIFormDataRequest.h; path = ASIHTTPRequest/ASIFormDataRequest.h; sourceTree = "<group>"; };
		2798113612DE629E003632F7 /* ASIFormDataRequest.m */ = {isa = PBXFileReference; fileEncoding = 4; lastKnownFileType = sourcecode.c.objc; name = ASIFormDataRequest.m; path = ASIHTTPRequest/ASIFormDataRequest.m; sourceTree = "<group>"; };
		2798113712DE629E003632F7 /* ASIHTTPRequest.h */ = {isa = PBXFileReference; fileEncoding = 4; lastKnownFileType = sourcecode.c.h; name = ASIHTTPRequest.h; path = ASIHTTPRequest/ASIHTTPRequest.h; sourceTree = "<group>"; };
		2798113812DE629E003632F7 /* ASIHTTPRequest.m */ = {isa = PBXFileReference; fileEncoding = 4; lastKnownFileType = sourcecode.c.objc; name = ASIHTTPRequest.m; path = ASIHTTPRequest/ASIHTTPRequest.m; sourceTree = "<group>"; };
		2798113912DE629E003632F7 /* ASIHTTPRequestConfig.h */ = {isa = PBXFileReference; fileEncoding = 4; lastKnownFileType = sourcecode.c.h; name = ASIHTTPRequestConfig.h; path = ASIHTTPRequest/ASIHTTPRequestConfig.h; sourceTree = "<group>"; };
		2798113A12DE629E003632F7 /* ASIHTTPRequestDelegate.h */ = {isa = PBXFileReference; fileEncoding = 4; lastKnownFileType = sourcecode.c.h; name = ASIHTTPRequestDelegate.h; path = ASIHTTPRequest/ASIHTTPRequestDelegate.h; sourceTree = "<group>"; };
		2798113B12DE629E003632F7 /* ASIInputStream.h */ = {isa = PBXFileReference; fileEncoding = 4; lastKnownFileType = sourcecode.c.h; name = ASIInputStream.h; path = ASIHTTPRequest/ASIInputStream.h; sourceTree = "<group>"; };
		2798113C12DE629E003632F7 /* ASIInputStream.m */ = {isa = PBXFileReference; fileEncoding = 4; lastKnownFileType = sourcecode.c.objc; name = ASIInputStream.m; path = ASIHTTPRequest/ASIInputStream.m; sourceTree = "<group>"; };
		2798113D12DE629E003632F7 /* ASINetworkQueue.h */ = {isa = PBXFileReference; fileEncoding = 4; lastKnownFileType = sourcecode.c.h; name = ASINetworkQueue.h; path = ASIHTTPRequest/ASINetworkQueue.h; sourceTree = "<group>"; };
		2798113E12DE629E003632F7 /* ASINetworkQueue.m */ = {isa = PBXFileReference; fileEncoding = 4; lastKnownFileType = sourcecode.c.objc; name = ASINetworkQueue.m; path = ASIHTTPRequest/ASINetworkQueue.m; sourceTree = "<group>"; };
		2798113F12DE629E003632F7 /* ASIProgressDelegate.h */ = {isa = PBXFileReference; fileEncoding = 4; lastKnownFileType = sourcecode.c.h; name = ASIProgressDelegate.h; path = ASIHTTPRequest/ASIProgressDelegate.h; sourceTree = "<group>"; };
		2798115F12DE6306003632F7 /* libz.dylib */ = {isa = PBXFileReference; lastKnownFileType = "compiled.mach-o.dylib"; name = libz.dylib; path = /usr/lib/libz.dylib; sourceTree = "<absolute>"; };
		2798116312DE6325003632F7 /* SystemConfiguration.framework */ = {isa = PBXFileReference; lastKnownFileType = wrapper.framework; name = SystemConfiguration.framework; path = /System/Library/Frameworks/SystemConfiguration.framework; sourceTree = "<absolute>"; };
		27C00CAE12482F1400AE717E /* libicucore.dylib */ = {isa = PBXFileReference; lastKnownFileType = "compiled.mach-o.dylib"; name = libicucore.dylib; path = /usr/lib/libicucore.dylib; sourceTree = "<absolute>"; };
		27EF3EB70F5ED5DF00603D3A /* CKUtil.h */ = {isa = PBXFileReference; fileEncoding = 4; lastKnownFileType = sourcecode.c.h; path = CKUtil.h; sourceTree = "<group>"; };
		27EF3EB80F5ED5DF00603D3A /* CKUtil.m */ = {isa = PBXFileReference; fileEncoding = 4; lastKnownFileType = sourcecode.c.objc; path = CKUtil.m; sourceTree = "<group>"; };
		27F29CC2126A37980064DD6B /* Recipes */ = {isa = PBXFileReference; lastKnownFileType = folder; path = Recipes; sourceTree = "<group>"; };
		27F360791288F0090091D109 /* CKImage.h */ = {isa = PBXFileReference; fileEncoding = 4; lastKnownFileType = sourcecode.c.h; path = CKImage.h; sourceTree = "<group>"; };
		27F3607A1288F0090091D109 /* CKImage.m */ = {isa = PBXFileReference; fileEncoding = 4; lastKnownFileType = sourcecode.c.objc; path = CKImage.m; sourceTree = "<group>"; };
		27F799791252F43400DC7ABE /* chanparse */ = {isa = PBXFileReference; explicitFileType = "compiled.mach-o.executable"; includeInIndex = 0; path = chanparse; sourceTree = BUILT_PRODUCTS_DIR; };
		27F799A01252F54E00DC7ABE /* ChanParse.m */ = {isa = PBXFileReference; fileEncoding = 4; lastKnownFileType = sourcecode.c.objc; path = ChanParse.m; sourceTree = "<group>"; };
		32DBCF5E0370ADEE00C91783 /* ChanKit_Prefix.pch */ = {isa = PBXFileReference; fileEncoding = 4; lastKnownFileType = sourcecode.c.h; path = ChanKit_Prefix.pch; sourceTree = "<group>"; };
		8DC2EF5A0486A6940098B216 /* Info.plist */ = {isa = PBXFileReference; fileEncoding = 4; lastKnownFileType = text.plist.xml; path = Info.plist; sourceTree = "<group>"; };
		D2F7E79907B2D74100F64583 /* CoreData.framework */ = {isa = PBXFileReference; lastKnownFileType = wrapper.framework; name = CoreData.framework; path = /System/Library/Frameworks/CoreData.framework; sourceTree = "<absolute>"; };
/* End PBXFileReference section */

/* Begin PBXFrameworksBuildPhase section */
		27F799771252F43400DC7ABE /* Frameworks */ = {
			isa = PBXFrameworksBuildPhase;
			buildActionMask = 2147483647;
			files = (
				27F799AC1252F64600DC7ABE /* Cocoa.framework in Frameworks */,
				27F799831252F43F00DC7ABE /* ChanKit.framework in Frameworks */,
			);
			runOnlyForDeploymentPostprocessing = 0;
		};
		8DC2EF560486A6940098B216 /* Frameworks */ = {
			isa = PBXFrameworksBuildPhase;
			buildActionMask = 2147483647;
			files = (
				8DC2EF570486A6940098B216 /* Cocoa.framework in Frameworks */,
				27C00CAF12482F1400AE717E /* libicucore.dylib in Frameworks */,
				2798116012DE6306003632F7 /* libz.dylib in Frameworks */,
				2798116412DE6325003632F7 /* SystemConfiguration.framework in Frameworks */,
			);
			runOnlyForDeploymentPostprocessing = 0;
		};
/* End PBXFrameworksBuildPhase section */

/* Begin PBXGroup section */
		034768DFFF38A50411DB9C8B /* Products */ = {
			isa = PBXGroup;
			children = (
				270DCE2C102C463400912225 /* ChanKit.framework */,
				27F799791252F43400DC7ABE /* chanparse */,
			);
			name = Products;
			sourceTree = "<group>";
		};
		0867D691FE84028FC02AAC07 /* ChanKit */ = {
			isa = PBXGroup;
			children = (
				27F7998C1252F46800DC7ABE /* ChanKit */,
				27F7999E1252F52800DC7ABE /* chanparse */,
				034768DFFF38A50411DB9C8B /* Products */,
			);
			name = ChanKit;
			sourceTree = "<group>";
		};
		0867D69AFE84028FC02AAC07 /* External Frameworks and Libraries */ = {
			isa = PBXGroup;
			children = (
				1058C7B0FEA5585E11CA2CBB /* Linked Frameworks */,
				1058C7B2FEA5585E11CA2CBB /* Other Frameworks */,
			);
			name = "External Frameworks and Libraries";
			sourceTree = "<group>";
		};
		089C1665FE841158C02AAC07 /* Resources */ = {
			isa = PBXGroup;
			children = (
				27F29CC2126A37980064DD6B /* Recipes */,
				278F387211E2BBFF00EDD5FE /* ChanKit.png */,
				278F38A311E2F3A500EDD5FE /* ChanKit_thumb.png */,
				8DC2EF5A0486A6940098B216 /* Info.plist */,
				089C1666FE841158C02AAC07 /* InfoPlist.strings */,
			);
			name = Resources;
			sourceTree = "<group>";
		};
		08FB77AEFE84172EC02AAC07 /* Classes */ = {
			isa = PBXGroup;
			children = (
				275ABC44128D60B600FA2066 /* Common.h */,
				32DBCF5E0370ADEE00C91783 /* ChanKit_Prefix.pch */,
				270AE90B125982AF0036E91B /* CKRecipe.h */,
				270AE90C125982AF0036E91B /* CKRecipe.m */,
				27EF3EB70F5ED5DF00603D3A /* CKUtil.h */,
				27EF3EB80F5ED5DF00603D3A /* CKUtil.m */,
				273881E011E374E000953201 /* CKUser.h */,
				273881E111E374E000953201 /* CKUser.m */,
				27F360791288F0090091D109 /* CKImage.h */,
				27F3607A1288F0090091D109 /* CKImage.m */,
				2700D57A0F5EC49900BEE0C3 /* CKPost.h */,
				2706615C156995E800C946EB /* CKPost_priv.h */,
				2700D57B0F5EC49900BEE0C3 /* CKPost.m */,
				2772F64312870F0000C99973 /* CKPoster.h */,
				2772F64412870F0000C99973 /* CKPoster.m */,
				277C6DD10F631495003B2E73 /* CKThread.h */,
				277C6DD20F631495003B2E73 /* CKThread.m */,
				277C6E410F631DD8003B2E73 /* CKPage.h */,
				277C6E420F631DD8003B2E73 /* CKPage.m */,
				277C705B0F6378FC003B2E73 /* CKBoard.h */,
				277C705C0F6378FC003B2E73 /* CKBoard.m */,
				277C70D40F6382C7003B2E73 /* CKChan.h */,
				277C70D50F6382C7003B2E73 /* CKChan.m */,
				277C73DC0F645FA0003B2E73 /* ChanKit.h */,
			);
			name = Classes;
			sourceTree = "<group>";
		};
		1058C7B0FEA5585E11CA2CBB /* Linked Frameworks */ = {
			isa = PBXGroup;
			children = (
				2704222C12FB7150004B4CB4 /* NSData+Base64 */,
				2798112C12DE628A003632F7 /* ASIHTTPRequest */,
				27F799961252F4FD00DC7ABE /* RegexKitLite */,
				1058C7B1FEA5585E11CA2CBB /* Cocoa.framework */,
			);
			name = "Linked Frameworks";
			sourceTree = "<group>";
		};
		1058C7B2FEA5585E11CA2CBB /* Other Frameworks */ = {
			isa = PBXGroup;
			children = (
				0867D6A5FE840307C02AAC07 /* AppKit.framework */,
				D2F7E79907B2D74100F64583 /* CoreData.framework */,
				0867D69BFE84028FC02AAC07 /* Foundation.framework */,
			);
			name = "Other Frameworks";
			sourceTree = "<group>";
		};
		2704222C12FB7150004B4CB4 /* NSData+Base64 */ = {
			isa = PBXGroup;
			children = (
				2704222D12FB716B004B4CB4 /* NSData+Base64.m */,
				2704222E12FB716B004B4CB4 /* NSData+Base64.h */,
			);
			name = "NSData+Base64";
			sourceTree = "<group>";
		};
		2798112C12DE628A003632F7 /* ASIHTTPRequest */ = {
			isa = PBXGroup;
			children = (
				2798112E12DE629E003632F7 /* ASICacheDelegate.h */,
				2798112F12DE629E003632F7 /* ASIDataCompressor.h */,
				2798113012DE629E003632F7 /* ASIDataCompressor.m */,
				2798113112DE629E003632F7 /* ASIDataDecompressor.h */,
				2798113212DE629E003632F7 /* ASIDataDecompressor.m */,
				2798113312DE629E003632F7 /* ASIDownloadCache.h */,
				2798113412DE629E003632F7 /* ASIDownloadCache.m */,
				2798113512DE629E003632F7 /* ASIFormDataRequest.h */,
				2798113612DE629E003632F7 /* ASIFormDataRequest.m */,
				2798113712DE629E003632F7 /* ASIHTTPRequest.h */,
				2798113812DE629E003632F7 /* ASIHTTPRequest.m */,
				2798113912DE629E003632F7 /* ASIHTTPRequestConfig.h */,
				2798113A12DE629E003632F7 /* ASIHTTPRequestDelegate.h */,
				2798113B12DE629E003632F7 /* ASIInputStream.h */,
				2798113C12DE629E003632F7 /* ASIInputStream.m */,
				2798113D12DE629E003632F7 /* ASINetworkQueue.h */,
				2798113E12DE629E003632F7 /* ASINetworkQueue.m */,
				2798113F12DE629E003632F7 /* ASIProgressDelegate.h */,
				2798115F12DE6306003632F7 /* libz.dylib */,
				2798116312DE6325003632F7 /* SystemConfiguration.framework */,
			);
			name = ASIHTTPRequest;
			sourceTree = "<group>";
		};
		27F7998C1252F46800DC7ABE /* ChanKit */ = {
			isa = PBXGroup;
			children = (
				08FB77AEFE84172EC02AAC07 /* Classes */,
				089C1665FE841158C02AAC07 /* Resources */,
				0867D69AFE84028FC02AAC07 /* External Frameworks and Libraries */,
			);
			name = ChanKit;
			sourceTree = "<group>";
		};
		27F799961252F4FD00DC7ABE /* RegexKitLite */ = {
			isa = PBXGroup;
			children = (
				27240C0E128E7233008DEDCE /* RegexKitLite.h */,
				27240C0D128E7233008DEDCE /* RegexKitLite.m */,
				27C00CAE12482F1400AE717E /* libicucore.dylib */,
			);
			name = RegexKitLite;
			sourceTree = "<group>";
		};
		27F7999E1252F52800DC7ABE /* chanparse */ = {
			isa = PBXGroup;
			children = (
				27F799A01252F54E00DC7ABE /* ChanParse.m */,
			);
			name = chanparse;
			sourceTree = "<group>";
		};
/* End PBXGroup section */

/* Begin PBXHeadersBuildPhase section */
		8DC2EF500486A6940098B216 /* Headers */ = {
			isa = PBXHeadersBuildPhase;
			buildActionMask = 2147483647;
			files = (
				2700D57C0F5EC49900BEE0C3 /* CKPost.h in Headers */,
				27EF3EB90F5ED5DF00603D3A /* CKUtil.h in Headers */,
				277C6DD30F631495003B2E73 /* CKThread.h in Headers */,
				277C6E430F631DD8003B2E73 /* CKPage.h in Headers */,
				277C705D0F6378FC003B2E73 /* CKBoard.h in Headers */,
				277C70D60F6382C7003B2E73 /* CKChan.h in Headers */,
				277C73DD0F645FA0003B2E73 /* ChanKit.h in Headers */,
				273881E211E374E000953201 /* CKUser.h in Headers */,
				270AE90D125982AF0036E91B /* CKRecipe.h in Headers */,
				2772F64512870F0000C99973 /* CKPoster.h in Headers */,
				27F3607B1288F0090091D109 /* CKImage.h in Headers */,
				275ABC45128D60B600FA2066 /* Common.h in Headers */,
				27C33F2C12E2859600229C1F /* ASIHTTPRequest.h in Headers */,
				27240C10128E7233008DEDCE /* RegexKitLite.h in Headers */,
				2704223012FB716B004B4CB4 /* NSData+Base64.h in Headers */,
				2706615D156995E800C946EB /* CKPost_priv.h in Headers */,
			);
			runOnlyForDeploymentPostprocessing = 0;
		};
/* End PBXHeadersBuildPhase section */

/* Begin PBXNativeTarget section */
		27F799781252F43400DC7ABE /* chanparse */ = {
			isa = PBXNativeTarget;
			buildConfigurationList = 27F799801252F43700DC7ABE /* Build configuration list for PBXNativeTarget "chanparse" */;
			buildPhases = (
				27F799761252F43400DC7ABE /* Sources */,
				27F799771252F43400DC7ABE /* Frameworks */,
			);
			buildRules = (
			);
			dependencies = (
				27F799821252F43C00DC7ABE /* PBXTargetDependency */,
			);
			name = chanparse;
			productName = chanparse;
			productReference = 27F799791252F43400DC7ABE /* chanparse */;
			productType = "com.apple.product-type.tool";
		};
		8DC2EF4F0486A6940098B216 /* ChanKit */ = {
			isa = PBXNativeTarget;
			buildConfigurationList = 1DEB91AD08733DA50010E9CD /* Build configuration list for PBXNativeTarget "ChanKit" */;
			buildPhases = (
				8DC2EF500486A6940098B216 /* Headers */,
				8DC2EF520486A6940098B216 /* Resources */,
				8DC2EF540486A6940098B216 /* Sources */,
				8DC2EF560486A6940098B216 /* Frameworks */,
			);
			buildRules = (
			);
			dependencies = (
			);
			name = ChanKit;
			productInstallPath = "$(HOME)/Library/Frameworks";
			productName = ChanKit;
			productReference = 270DCE2C102C463400912225 /* ChanKit.framework */;
			productType = "com.apple.product-type.framework";
		};
/* End PBXNativeTarget section */

/* Begin PBXProject section */
		0867D690FE84028FC02AAC07 /* Project object */ = {
			isa = PBXProject;
			buildConfigurationList = 1DEB91B108733DA50010E9CD /* Build configuration list for PBXProject "ChanKit" */;
			compatibilityVersion = "Xcode 3.1";
			developmentRegion = English;
			hasScannedForEncodings = 1;
			knownRegions = (
				English,
				Japanese,
				French,
				German,
			);
			mainGroup = 0867D691FE84028FC02AAC07 /* ChanKit */;
			productRefGroup = 034768DFFF38A50411DB9C8B /* Products */;
			projectDirPath = "";
			projectRoot = "";
			targets = (
				8DC2EF4F0486A6940098B216 /* ChanKit */,
				27F799781252F43400DC7ABE /* chanparse */,
			);
		};
/* End PBXProject section */

/* Begin PBXResourcesBuildPhase section */
		8DC2EF520486A6940098B216 /* Resources */ = {
			isa = PBXResourcesBuildPhase;
			buildActionMask = 2147483647;
			files = (
				8DC2EF530486A6940098B216 /* InfoPlist.strings in Resources */,
				278F387311E2BBFF00EDD5FE /* ChanKit.png in Resources */,
				278F38A411E2F3A500EDD5FE /* ChanKit_thumb.png in Resources */,
				27F29CC3126A37980064DD6B /* Recipes in Resources */,
			);
			runOnlyForDeploymentPostprocessing = 0;
		};
/* End PBXResourcesBuildPhase section */

/* Begin PBXSourcesBuildPhase section */
		27F799761252F43400DC7ABE /* Sources */ = {
			isa = PBXSourcesBuildPhase;
			buildActionMask = 2147483647;
			files = (
				27F799A11252F54E00DC7ABE /* ChanParse.m in Sources */,
			);
			runOnlyForDeploymentPostprocessing = 0;
		};
		8DC2EF540486A6940098B216 /* Sources */ = {
			isa = PBXSourcesBuildPhase;
			buildActionMask = 2147483647;
			files = (
				2798115512DE62D3003632F7 /* ASIDataCompressor.m in Sources */,
				2798115612DE62D3003632F7 /* ASIDataDecompressor.m in Sources */,
				2798115712DE62D3003632F7 /* ASIDownloadCache.m in Sources */,
				2798115812DE62D3003632F7 /* ASIFormDataRequest.m in Sources */,
				2798115912DE62D3003632F7 /* ASIHTTPRequest.m in Sources */,
				2798115A12DE62D3003632F7 /* ASIInputStream.m in Sources */,
				2798115B12DE62D3003632F7 /* ASINetworkQueue.m in Sources */,
				2700D57D0F5EC49900BEE0C3 /* CKPost.m in Sources */,
				27EF3EBA0F5ED5DF00603D3A /* CKUtil.m in Sources */,
				277C6DD40F631495003B2E73 /* CKThread.m in Sources */,
				277C6E440F631DD8003B2E73 /* CKPage.m in Sources */,
				277C705E0F6378FC003B2E73 /* CKBoard.m in Sources */,
				277C70D70F6382C7003B2E73 /* CKChan.m in Sources */,
				273881E311E374E000953201 /* CKUser.m in Sources */,
				270AE90E125982AF0036E91B /* CKRecipe.m in Sources */,
				2772F64612870F0000C99973 /* CKPoster.m in Sources */,
				27F3607C1288F0090091D109 /* CKImage.m in Sources */,
				27240C0F128E7233008DEDCE /* RegexKitLite.m in Sources */,
				2704222F12FB716B004B4CB4 /* NSData+Base64.m in Sources */,
			);
			runOnlyForDeploymentPostprocessing = 0;
		};
/* End PBXSourcesBuildPhase section */

/* Begin PBXTargetDependency section */
		27F799821252F43C00DC7ABE /* PBXTargetDependency */ = {
			isa = PBXTargetDependency;
			target = 8DC2EF4F0486A6940098B216 /* ChanKit */;
			targetProxy = 27F799811252F43C00DC7ABE /* PBXContainerItemProxy */;
		};
/* End PBXTargetDependency section */

/* Begin PBXVariantGroup section */
		089C1666FE841158C02AAC07 /* InfoPlist.strings */ = {
			isa = PBXVariantGroup;
			children = (
				089C1667FE841158C02AAC07 /* English */,
			);
			name = InfoPlist.strings;
			sourceTree = "<group>";
		};
/* End PBXVariantGroup section */

/* Begin XCBuildConfiguration section */
		1DEB91AE08733DA50010E9CD /* Debug */ = {
			isa = XCBuildConfiguration;
			buildSettings = {
				DYLIB_COMPATIBILITY_VERSION = 1;
				DYLIB_CURRENT_VERSION = 1;
				GCC_DYNAMIC_NO_PIC = NO;
				GCC_ENABLE_FIX_AND_CONTINUE = YES;
				GCC_MODEL_TUNING = G5;
				GCC_OPTIMIZATION_LEVEL = 0;
				GCC_PRECOMPILE_PREFIX_HEADER = YES;
				GCC_PREFIX_HEADER = ChanKit_Prefix.pch;
				PRODUCT_NAME = ChanKit;
			};
			name = Debug;
		};
		1DEB91AF08733DA50010E9CD /* Release */ = {
			isa = XCBuildConfiguration;
			buildSettings = {
				DYLIB_COMPATIBILITY_VERSION = 1;
				DYLIB_CURRENT_VERSION = 1;
				GCC_MODEL_TUNING = G5;
				GCC_PRECOMPILE_PREFIX_HEADER = YES;
				GCC_PREFIX_HEADER = ChanKit_Prefix.pch;
				PRODUCT_NAME = ChanKit;
				SKIP_INSTALL = YES;
			};
			name = Release;
		};
		1DEB91B208733DA50010E9CD /* Debug */ = {
			isa = XCBuildConfiguration;
			buildSettings = {
				ARCHS = "$(NATIVE_ARCH_ACTUAL)";
				GCC_C_LANGUAGE_STANDARD = c99;
				GCC_OPTIMIZATION_LEVEL = 0;
				GCC_PREPROCESSOR_DEFINITIONS = _DEBUG;
				GCC_VERSION = com.apple.compilers.llvm.clang.1_0;
				ONLY_ACTIVE_ARCH = YES;
			};
			name = Debug;
		};
		1DEB91B308733DA50010E9CD /* Release */ = {
			isa = XCBuildConfiguration;
			buildSettings = {
				ARCHS = "$(NATIVE_ARCH_ACTUAL)";
				GCC_C_LANGUAGE_STANDARD = c99;
				GCC_VERSION = com.apple.compilers.llvm.clang.1_0;
				ONLY_ACTIVE_ARCH = YES;
			};
			name = Release;
		};
		27F7997B1252F43500DC7ABE /* Debug */ = {
			isa = XCBuildConfiguration;
			buildSettings = {
				ALWAYS_SEARCH_USER_PATHS = NO;
				COPY_PHASE_STRIP = NO;
				GCC_DYNAMIC_NO_PIC = NO;
				GCC_ENABLE_FIX_AND_CONTINUE = YES;
				GCC_MODEL_TUNING = G5;
				GCC_OPTIMIZATION_LEVEL = 0;
				GCC_PREFIX_HEADER = ChanKit_Prefix.pch;
				INSTALL_PATH = /usr/local/bin;
				PREBINDING = NO;
				PRODUCT_NAME = chanparse;
			};
			name = Debug;
		};
		27F7997C1252F43500DC7ABE /* Release */ = {
			isa = XCBuildConfiguration;
			buildSettings = {
				ALWAYS_SEARCH_USER_PATHS = NO;
				COPY_PHASE_STRIP = YES;
				DEBUG_INFORMATION_FORMAT = "dwarf-with-dsym";
				GCC_ENABLE_FIX_AND_CONTINUE = NO;
				GCC_MODEL_TUNING = G5;
				GCC_PREFIX_HEADER = ChanKit_Prefix.pch;
				INSTALL_PATH = /usr/local/bin;
				PREBINDING = NO;
				PRODUCT_NAME = chanparse;
				ZERO_LINK = NO;
			};
			name = Release;
		};
/* End XCBuildConfiguration section */

/* Begin XCConfigurationList section */
		1DEB91AD08733DA50010E9CD /* Build configuration list for PBXNativeTarget "ChanKit" */ = {
			isa = XCConfigurationList;
			buildConfigurations = (
				1DEB91AE08733DA50010E9CD /* Debug */,
				1DEB91AF08733DA50010E9CD /* Release */,
			);
			defaultConfigurationIsVisible = 0;
			defaultConfigurationName = Release;
		};
		1DEB91B108733DA50010E9CD /* Build configuration list for PBXProject "ChanKit" */ = {
			isa = XCConfigurationList;
			buildConfigurations = (
				1DEB91B208733DA50010E9CD /* Debug */,
				1DEB91B308733DA50010E9CD /* Release */,
			);
			defaultConfigurationIsVisible = 0;
			defaultConfigurationName = Release;
		};
		27F799801252F43700DC7ABE /* Build configuration list for PBXNativeTarget "chanparse" */ = {
			isa = XCConfigurationList;
			buildConfigurations = (
				27F7997B1252F43500DC7ABE /* Debug */,
				27F7997C1252F43500DC7ABE /* Release */,
			);
			defaultConfigurationIsVisible = 0;
			defaultConfigurationName = Release;
		};
/* End XCConfigurationList section */
	};
	rootObject = 0867D690FE84028FC02AAC07 /* Project object */;
}
